
Microsoft Visual Studio Solution File, Format Version 12.00
# Visual Studio 15
VisualStudioVersion = 15.0.27130.2027
MinimumVisualStudioVersion = 10.0.40219.1
Project("{FAE04EC0-301F-11D3-BF4B-00C04F79EFBC}") = "CognitiveDemo", "CognitiveDemo\CognitiveDemo.csproj", "{5D9320AF-A9E4-48E3-89BC-9F7F0954B298}"
EndProject
Project("{FAE04EC0-301F-11D3-BF4B-00C04F79EFBC}") = "CognitiveDemo.Droid", "CognitiveDemo.Droid\CognitiveDemo.Droid.csproj", "{CC79E560-3B15-4CAE-B6EC-79168F079E63}"
EndProject
Project("{FAE04EC0-301F-11D3-BF4B-00C04F79EFBC}") = "CognitiveDemo.iOS", "CognitiveDemo.iOS\CognitiveDemo.iOS.csproj", "{212ABB9C-5F35-463F-9A27-8F39811C4128}"
EndProject
Project("{9A19103F-16F7-4668-BE54-9A1E7A4F7556}") = "CognitiveDemo.DotNetStandard", "..\CognitiveDemo.DotNetStandard\CognitiveDemo.DotNetStandard.csproj", "{644A8124-37C8-42BB-9B37-D950BDE60D73}"
EndProject
Project("{FAE04EC0-301F-11D3-BF4B-00C04F79EFBC}") = "CognitiveFaceApiTrainer", "..\CognitiveFaceApiTrainer\CognitiveFaceApiTrainer.csproj", "{1C8F9155-2EEE-4823-B573-B2196239F4C4}"
EndProject
Global
	GlobalSection(SolutionConfigurationPlatforms) = preSolution
		Ad-Hoc|Any CPU = Ad-Hoc|Any CPU
		Ad-Hoc|iPhone = Ad-Hoc|iPhone
		Ad-Hoc|iPhoneSimulator = Ad-Hoc|iPhoneSimulator
		AppStore|Any CPU = AppStore|Any CPU
		AppStore|iPhone = AppStore|iPhone
		AppStore|iPhoneSimulator = AppStore|iPhoneSimulator
		Debug|Any CPU = Debug|Any CPU
		Debug|iPhone = Debug|iPhone
		Debug|iPhoneSimulator = Debug|iPhoneSimulator
		Release|Any CPU = Release|Any CPU
		Release|iPhone = Release|iPhone
		Release|iPhoneSimulator = Release|iPhoneSimulator
	EndGlobalSection
	GlobalSection(ProjectConfigurationPlatforms) = postSolution
		{5D9320AF-A9E4-48E3-89BC-9F7F0954B298}.Ad-Hoc|Any CPU.ActiveCfg = Release|Any CPU
		{5D9320AF-A9E4-48E3-89BC-9F7F0954B298}.Ad-Hoc|Any CPU.Build.0 = Release|Any CPU
		{5D9320AF-A9E4-48E3-89BC-9F7F0954B298}.Ad-Hoc|iPhone.ActiveCfg = Release|Any CPU
		{5D9320AF-A9E4-48E3-89BC-9F7F0954B298}.Ad-Hoc|iPhone.Build.0 = Release|Any CPU
		{5D9320AF-A9E4-48E3-89BC-9F7F0954B298}.Ad-Hoc|iPhoneSimulator.ActiveCfg = Release|Any CPU
		{5D9320AF-A9E4-48E3-89BC-9F7F0954B298}.Ad-Hoc|iPhoneSimulator.Build.0 = Release|Any CPU
		{5D9320AF-A9E4-48E3-89BC-9F7F0954B298}.AppStore|Any CPU.ActiveCfg = Release|Any CPU
		{5D9320AF-A9E4-48E3-89BC-9F7F0954B298}.AppStore|Any CPU.Build.0 = Release|Any CPU
		{5D9320AF-A9E4-48E3-89BC-9F7F0954B298}.AppStore|iPhone.ActiveCfg = Release|Any CPU
		{5D9320AF-A9E4-48E3-89BC-9F7F0954B298}.AppStore|iPhone.Build.0 = Release|Any CPU
		{5D9320AF-A9E4-48E3-89BC-9F7F0954B298}.AppStore|iPhoneSimulator.ActiveCfg = Release|Any CPU
		{5D9320AF-A9E4-48E3-89BC-9F7F0954B298}.AppStore|iPhoneSimulator.Build.0 = Release|Any CPU
		{5D9320AF-A9E4-48E3-89BC-9F7F0954B298}.Debug|Any CPU.ActiveCfg = Debug|Any CPU
		{5D9320AF-A9E4-48E3-89BC-9F7F0954B298}.Debug|Any CPU.Build.0 = Debug|Any CPU
		{5D9320AF-A9E4-48E3-89BC-9F7F0954B298}.Debug|iPhone.ActiveCfg = Debug|Any CPU
		{5D9320AF-A9E4-48E3-89BC-9F7F0954B298}.Debug|iPhone.Build.0 = Debug|Any CPU
		{5D9320AF-A9E4-48E3-89BC-9F7F0954B298}.Debug|iPhoneSimulator.ActiveCfg = Debug|Any CPU
		{5D9320AF-A9E4-48E3-89BC-9F7F0954B298}.Debug|iPhoneSimulator.Build.0 = Debug|Any CPU
		{5D9320AF-A9E4-48E3-89BC-9F7F0954B298}.Release|Any CPU.ActiveCfg = Release|Any CPU
		{5D9320AF-A9E4-48E3-89BC-9F7F0954B298}.Release|Any CPU.Build.0 = Release|Any CPU
		{5D9320AF-A9E4-48E3-89BC-9F7F0954B298}.Release|iPhone.ActiveCfg = Release|Any CPU
		{5D9320AF-A9E4-48E3-89BC-9F7F0954B298}.Release|iPhone.Build.0 = Release|Any CPU
		{5D9320AF-A9E4-48E3-89BC-9F7F0954B298}.Release|iPhoneSimulator.ActiveCfg = Release|Any CPU
		{5D9320AF-A9E4-48E3-89BC-9F7F0954B298}.Release|iPhoneSimulator.Build.0 = Release|Any CPU
		{CC79E560-3B15-4CAE-B6EC-79168F079E63}.Ad-Hoc|Any CPU.ActiveCfg = Release|Any CPU
		{CC79E560-3B15-4CAE-B6EC-79168F079E63}.Ad-Hoc|Any CPU.Build.0 = Release|Any CPU
		{CC79E560-3B15-4CAE-B6EC-79168F079E63}.Ad-Hoc|Any CPU.Deploy.0 = Release|Any CPU
		{CC79E560-3B15-4CAE-B6EC-79168F079E63}.Ad-Hoc|iPhone.ActiveCfg = Release|Any CPU
		{CC79E560-3B15-4CAE-B6EC-79168F079E63}.Ad-Hoc|iPhone.Build.0 = Release|Any CPU
		{CC79E560-3B15-4CAE-B6EC-79168F079E63}.Ad-Hoc|iPhone.Deploy.0 = Release|Any CPU
		{CC79E560-3B15-4CAE-B6EC-79168F079E63}.Ad-Hoc|iPhoneSimulator.ActiveCfg = Release|Any CPU
		{CC79E560-3B15-4CAE-B6EC-79168F079E63}.Ad-Hoc|iPhoneSimulator.Build.0 = Release|Any CPU
		{CC79E560-3B15-4CAE-B6EC-79168F079E63}.Ad-Hoc|iPhoneSimulator.Deploy.0 = Release|Any CPU
		{CC79E560-3B15-4CAE-B6EC-79168F079E63}.AppStore|Any CPU.ActiveCfg = Release|Any CPU
		{CC79E560-3B15-4CAE-B6EC-79168F079E63}.AppStore|Any CPU.Build.0 = Release|Any CPU
		{CC79E560-3B15-4CAE-B6EC-79168F079E63}.AppStore|Any CPU.Deploy.0 = Release|Any CPU
		{CC79E560-3B15-4CAE-B6EC-79168F079E63}.AppStore|iPhone.ActiveCfg = Release|Any CPU
		{CC79E560-3B15-4CAE-B6EC-79168F079E63}.AppStore|iPhone.Build.0 = Release|Any CPU
		{CC79E560-3B15-4CAE-B6EC-79168F079E63}.AppStore|iPhone.Deploy.0 = Release|Any CPU
		{CC79E560-3B15-4CAE-B6EC-79168F079E63}.AppStore|iPhoneSimulator.ActiveCfg = Release|Any CPU
		{CC79E560-3B15-4CAE-B6EC-79168F079E63}.AppStore|iPhoneSimulator.Build.0 = Release|Any CPU
		{CC79E560-3B15-4CAE-B6EC-79168F079E63}.AppStore|iPhoneSimulator.Deploy.0 = Release|Any CPU
		{CC79E560-3B15-4CAE-B6EC-79168F079E63}.Debug|Any CPU.ActiveCfg = Debug|Any CPU
		{CC79E560-3B15-4CAE-B6EC-79168F079E63}.Debug|Any CPU.Build.0 = Debug|Any CPU
		{CC79E560-3B15-4CAE-B6EC-79168F079E63}.Debug|Any CPU.Deploy.0 = Debug|Any CPU
		{CC79E560-3B15-4CAE-B6EC-79168F079E63}.Debug|iPhone.ActiveCfg = Debug|Any CPU
		{CC79E560-3B15-4CAE-B6EC-79168F079E63}.Debug|iPhone.Build.0 = Debug|Any CPU
		{CC79E560-3B15-4CAE-B6EC-79168F079E63}.Debug|iPhone.Deploy.0 = Debug|Any CPU
		{CC79E560-3B15-4CAE-B6EC-79168F079E63}.Debug|iPhoneSimulator.ActiveCfg = Debug|Any CPU
		{CC79E560-3B15-4CAE-B6EC-79168F079E63}.Debug|iPhoneSimulator.Build.0 = Debug|Any CPU
		{CC79E560-3B15-4CAE-B6EC-79168F079E63}.Debug|iPhoneSimulator.Deploy.0 = Debug|Any CPU
		{CC79E560-3B15-4CAE-B6EC-79168F079E63}.Release|Any CPU.ActiveCfg = Release|Any CPU
		{CC79E560-3B15-4CAE-B6EC-79168F079E63}.Release|Any CPU.Build.0 = Release|Any CPU
		{CC79E560-3B15-4CAE-B6EC-79168F079E63}.Release|Any CPU.Deploy.0 = Release|Any CPU
		{CC79E560-3B15-4CAE-B6EC-79168F079E63}.Release|iPhone.ActiveCfg = Release|Any CPU
		{CC79E560-3B15-4CAE-B6EC-79168F079E63}.Release|iPhone.Build.0 = Release|Any CPU
		{CC79E560-3B15-4CAE-B6EC-79168F079E63}.Release|iPhone.Deploy.0 = Release|Any CPU
		{CC79E560-3B15-4CAE-B6EC-79168F079E63}.Release|iPhoneSimulator.ActiveCfg = Release|Any CPU
		{CC79E560-3B15-4CAE-B6EC-79168F079E63}.Release|iPhoneSimulator.Build.0 = Release|Any CPU
		{CC79E560-3B15-4CAE-B6EC-79168F079E63}.Release|iPhoneSimulator.Deploy.0 = Release|Any CPU
		{212ABB9C-5F35-463F-9A27-8F39811C4128}.Ad-Hoc|Any CPU.ActiveCfg = Ad-Hoc|iPhone
		{212ABB9C-5F35-463F-9A27-8F39811C4128}.Ad-Hoc|iPhone.ActiveCfg = Ad-Hoc|iPhone
		{212ABB9C-5F35-463F-9A27-8F39811C4128}.Ad-Hoc|iPhone.Build.0 = Ad-Hoc|iPhone
		{212ABB9C-5F35-463F-9A27-8F39811C4128}.Ad-Hoc|iPhoneSimulator.ActiveCfg = Ad-Hoc|iPhoneSimulator
		{212ABB9C-5F35-463F-9A27-8F39811C4128}.Ad-Hoc|iPhoneSimulator.Build.0 = Ad-Hoc|iPhoneSimulator
		{212ABB9C-5F35-463F-9A27-8F39811C4128}.AppStore|Any CPU.ActiveCfg = AppStore|iPhone
		{212ABB9C-5F35-463F-9A27-8F39811C4128}.AppStore|iPhone.ActiveCfg = AppStore|iPhone
		{212ABB9C-5F35-463F-9A27-8F39811C4128}.AppStore|iPhone.Build.0 = AppStore|iPhone
		{212ABB9C-5F35-463F-9A27-8F39811C4128}.AppStore|iPhoneSimulator.ActiveCfg = AppStore|iPhoneSimulator
		{212ABB9C-5F35-463F-9A27-8F39811C4128}.AppStore|iPhoneSimulator.Build.0 = AppStore|iPhoneSimulator
		{212ABB9C-5F35-463F-9A27-8F39811C4128}.Debug|Any CPU.ActiveCfg = Debug|iPhone
		{212ABB9C-5F35-463F-9A27-8F39811C4128}.Debug|iPhone.ActiveCfg = Debug|iPhone
		{212ABB9C-5F35-463F-9A27-8F39811C4128}.Debug|iPhone.Build.0 = Debug|iPhone
		{212ABB9C-5F35-463F-9A27-8F39811C4128}.Debug|iPhoneSimulator.ActiveCfg = Debug|iPhoneSimulator
		{212ABB9C-5F35-463F-9A27-8F39811C4128}.Debug|iPhoneSimulator.Build.0 = Debug|iPhoneSimulator
		{212ABB9C-5F35-463F-9A27-8F39811C4128}.Release|Any CPU.ActiveCfg = Release|iPhone
		{212ABB9C-5F35-463F-9A27-8F39811C4128}.Release|iPhone.ActiveCfg = Release|iPhone
		{212ABB9C-5F35-463F-9A27-8F39811C4128}.Release|iPhone.Build.0 = Release|iPhone
		{212ABB9C-5F35-463F-9A27-8F39811C4128}.Release|iPhoneSimulator.ActiveCfg = Release|iPhoneSimulator
		{212ABB9C-5F35-463F-9A27-8F39811C4128}.Release|iPhoneSimulator.Build.0 = Release|iPhoneSimulator
		{644A8124-37C8-42BB-9B37-D950BDE60D73}.Ad-Hoc|Any CPU.ActiveCfg = Release|Any CPU
		{644A8124-37C8-42BB-9B37-D950BDE60D73}.Ad-Hoc|Any CPU.Build.0 = Release|Any CPU
		{644A8124-37C8-42BB-9B37-D950BDE60D73}.Ad-Hoc|iPhone.ActiveCfg = Release|Any CPU
		{644A8124-37C8-42BB-9B37-D950BDE60D73}.Ad-Hoc|iPhone.Build.0 = Release|Any CPU
		{644A8124-37C8-42BB-9B37-D950BDE60D73}.Ad-Hoc|iPhoneSimulator.ActiveCfg = Release|Any CPU
		{644A8124-37C8-42BB-9B37-D950BDE60D73}.Ad-Hoc|iPhoneSimulator.Build.0 = Release|Any CPU
		{644A8124-37C8-42BB-9B37-D950BDE60D73}.AppStore|Any CPU.ActiveCfg = Release|Any CPU
		{644A8124-37C8-42BB-9B37-D950BDE60D73}.AppStore|Any CPU.Build.0 = Release|Any CPU
		{644A8124-37C8-42BB-9B37-D950BDE60D73}.AppStore|iPhone.ActiveCfg = Release|Any CPU
		{644A8124-37C8-42BB-9B37-D950BDE60D73}.AppStore|iPhone.Build.0 = Release|Any CPU
		{644A8124-37C8-42BB-9B37-D950BDE60D73}.AppStore|iPhoneSimulator.ActiveCfg = Release|Any CPU
		{644A8124-37C8-42BB-9B37-D950BDE60D73}.AppStore|iPhoneSimulator.Build.0 = Release|Any CPU
		{644A8124-37C8-42BB-9B37-D950BDE60D73}.Debug|Any CPU.ActiveCfg = Debug|Any CPU
		{644A8124-37C8-42BB-9B37-D950BDE60D73}.Debug|Any CPU.Build.0 = Debug|Any CPU
		{644A8124-37C8-42BB-9B37-D950BDE60D73}.Debug|iPhone.ActiveCfg = Debug|Any CPU
		{644A8124-37C8-42BB-9B37-D950BDE60D73}.Debug|iPhone.Build.0 = Debug|Any CPU
		{644A8124-37C8-42BB-9B37-D950BDE60D73}.Debug|iPhoneSimulator.ActiveCfg = Debug|Any CPU
		{644A8124-37C8-42BB-9B37-D950BDE60D73}.Debug|iPhoneSimulator.Build.0 = Debug|Any CPU
		{644A8124-37C8-42BB-9B37-D950BDE60D73}.Release|Any CPU.ActiveCfg = Release|Any CPU
		{644A8124-37C8-42BB-9B37-D950BDE60D73}.Release|Any CPU.Build.0 = Release|Any CPU
		{644A8124-37C8-42BB-9B37-D950BDE60D73}.Release|iPhone.ActiveCfg = Release|Any CPU
		{644A8124-37C8-42BB-9B37-D950BDE60D73}.Release|iPhone.Build.0 = Release|Any CPU
		{644A8124-37C8-42BB-9B37-D950BDE60D73}.Release|iPhoneSimulator.ActiveCfg = Release|Any CPU
		{644A8124-37C8-42BB-9B37-D950BDE60D73}.Release|iPhoneSimulator.Build.0 = Release|Any CPU
		{1C8F9155-2EEE-4823-B573-B2196239F4C4}.Ad-Hoc|Any CPU.ActiveCfg = Release|Any CPU
		{1C8F9155-2EEE-4823-B573-B2196239F4C4}.Ad-Hoc|Any CPU.Build.0 = Release|Any CPU
		{1C8F9155-2EEE-4823-B573-B2196239F4C4}.Ad-Hoc|iPhone.ActiveCfg = Release|Any CPU
		{1C8F9155-2EEE-4823-B573-B2196239F4C4}.Ad-Hoc|iPhone.Build.0 = Release|Any CPU
		{1C8F9155-2EEE-4823-B573-B2196239F4C4}.Ad-Hoc|iPhoneSimulator.ActiveCfg = Release|Any CPU
		{1C8F9155-2EEE-4823-B573-B2196239F4C4}.Ad-Hoc|iPhoneSimulator.Build.0 = Release|Any CPU
		{1C8F9155-2EEE-4823-B573-B2196239F4C4}.AppStore|Any CPU.ActiveCfg = Release|Any CPU
		{1C8F9155-2EEE-4823-B573-B2196239F4C4}.AppStore|Any CPU.Build.0 = Release|Any CPU
		{1C8F9155-2EEE-4823-B573-B2196239F4C4}.AppStore|iPhone.ActiveCfg = Release|Any CPU
		{1C8F9155-2EEE-4823-B573-B2196239F4C4}.AppStore|iPhone.Build.0 = Release|Any CPU
		{1C8F9155-2EEE-4823-B573-B2196239F4C4}.AppStore|iPhoneSimulator.ActiveCfg = Release|Any CPU
		{1C8F9155-2EEE-4823-B573-B2196239F4C4}.AppStore|iPhoneSimulator.Build.0 = Release|Any CPU
		{1C8F9155-2EEE-4823-B573-B2196239F4C4}.Debug|Any CPU.ActiveCfg = Debug|Any CPU
		{1C8F9155-2EEE-4823-B573-B2196239F4C4}.Debug|Any CPU.Build.0 = Debug|Any CPU
		{1C8F9155-2EEE-4823-B573-B2196239F4C4}.Debug|iPhone.ActiveCfg = Debug|Any CPU
		{1C8F9155-2EEE-4823-B573-B2196239F4C4}.Debug|iPhone.Build.0 = Debug|Any CPU
		{1C8F9155-2EEE-4823-B573-B2196239F4C4}.Debug|iPhoneSimulator.ActiveCfg = Debug|Any CPU
		{1C8F9155-2EEE-4823-B573-B2196239F4C4}.Debug|iPhoneSimulator.Build.0 = Debug|Any CPU
		{1C8F9155-2EEE-4823-B573-B2196239F4C4}.Release|Any CPU.ActiveCfg = Release|Any CPU
		{1C8F9155-2EEE-4823-B573-B2196239F4C4}.Release|Any CPU.Build.0 = Release|Any CPU
		{1C8F9155-2EEE-4823-B573-B2196239F4C4}.Release|iPhone.ActiveCfg = Release|Any CPU
		{1C8F9155-2EEE-4823-B573-B2196239F4C4}.Release|iPhone.Build.0 = Release|Any CPU
		{1C8F9155-2EEE-4823-B573-B2196239F4C4}.Release|iPhoneSimulator.ActiveCfg = Release|Any CPU
		{1C8F9155-2EEE-4823-B573-B2196239F4C4}.Release|iPhoneSimulator.Build.0 = Release|Any CPU
	EndGlobalSection
	GlobalSection(SolutionProperties) = preSolution
		HideSolutionNode = FALSE
	EndGlobalSection
	GlobalSection(ExtensibilityGlobals) = postSolution
		SolutionGuid = {5D100100-FD2D-4889-A4DF-FF754A6A9A0B}
	EndGlobalSection
EndGlobal
